
Microsoft Visual Studio Solution File, Format Version 12.00
# Visual Studio Version 17
VisualStudioVersion = 17.9.34622.214
MinimumVisualStudioVersion = 10.0.40219.1
Project("{FAE04EC0-301F-11D3-BF4B-00C04F79EFBC}") = "NameSorter", "NameSorter\NameSorter.csproj", "{EC3EF4ED-AA72-44D9-9049-EEAE974CA9C0}"
EndProject
Global
	GlobalSection(SolutionConfigurationPlatforms) = preSolution
		Debug|Any CPU = Debug|Any CPU
		Release|Any CPU = Release|Any CPU
	EndGlobalSection
	GlobalSection(ProjectConfigurationPlatforms) = postSolution
		{EC3EF4ED-AA72-44D9-9049-EEAE974CA9C0}.Debug|Any CPU.ActiveCfg = Debug|Any CPU
		{EC3EF4ED-AA72-44D9-9049-EEAE974CA9C0}.Debug|Any CPU.Build.0 = Debug|Any CPU
		{EC3EF4ED-AA72-44D9-9049-EEAE974CA9C0}.Release|Any CPU.ActiveCfg = Release|Any CPU
		{EC3EF4ED-AA72-44D9-9049-EEAE974CA9C0}.Release|Any CPU.Build.0 = Release|Any CPU
	EndGlobalSection
	GlobalSection(SolutionProperties) = preSolution
		HideSolutionNode = FALSE
	EndGlobalSection
	GlobalSection(ExtensibilityGlobals) = postSolution
		SolutionGuid = {0BEA8ADC-1CF0-4134-8693-277E424546F1}
	EndGlobalSection
EndGlobal
